%{
  "absinthe": {:hex, :absinthe, "1.4.13", "81eb2ff41f1b62cd6e992955f62c22c042d1079b7936c27f5f7c2c806b8fc436", [:mix], [{:dataloader, "~> 1.0.0", [hex: :dataloader, repo: "hexpm", optional: true]}, {:decimal, "~> 1.0", [hex: :decimal, repo: "hexpm", optional: true]}], "hexpm"},
  "cowboy": {:git, "https://github.com/ninenines/cowboy.git", "8390b04f7a81550317ca123c688dba181e37f963", []},
  "cowlib": {:hex, :cowlib, "2.6.0", "8aa629f81a0fc189f261dc98a42243fa842625feea3c7ec56c48f4ccdb55490f", [:rebar3], [], "hexpm"},
  "grpc": {:git, "https://github.com/tony612/grpc-elixir.git", "c0eaa61d789f5c5b9e3c2f4c213944bebaf2c72c", []},
  "gun": {:hex, :gun, "1.1.0", "66be4ebb3a8018b2ca0216eb0c5fe89820f3ce3610e9ec0652f525690956f69f", [:rebar3], [{:cowlib, "~> 2.5.1", [hex: :cowlib, repo: "hexpm", optional: false]}], "hexpm"},
  "protobuf": {:git, "https://github.com/tony612/protobuf-elixir.git", "5d4ed2bcebefad3c2b9b397c1a46b49b41eae7ab", []},
  "ranch": {:git, "https://github.com/ninenines/ranch", "cbe24f6fb9833474b22a06fc22cb1a8f168f7fbc", [ref: "1.6.1"]},
}
